
Microsoft Visual Studio Solution File, Format Version 12.00
# Visual Studio 15
VisualStudioVersion = 15.0.26228.9
MinimumVisualStudioVersion = 10.0.40219.1
Project("{FAE04EC0-301F-11D3-BF4B-00C04F79EFBC}") = "AppMaker", "AppMaker\AppMaker.csproj", "{A5C766F5-349C-4E47-AF11-712C8764A87A}"
EndProject
Global
	GlobalSection(SolutionConfigurationPlatforms) = preSolution
		Debug|Any CPU = Debug|Any CPU
		Release|Any CPU = Release|Any CPU
	EndGlobalSection
	GlobalSection(ProjectConfigurationPlatforms) = postSolution
		{A5C766F5-349C-4E47-AF11-712C8764A87A}.Debug|Any CPU.ActiveCfg = Debug|Any CPU
		{A5C766F5-349C-4E47-AF11-712C8764A87A}.Debug|Any CPU.Build.0 = Debug|Any CPU
		{A5C766F5-349C-4E47-AF11-712C8764A87A}.Release|Any CPU.ActiveCfg = Release|Any CPU
		{A5C766F5-349C-4E47-AF11-712C8764A87A}.Release|Any CPU.Build.0 = Release|Any CPU
	EndGlobalSection
	GlobalSection(SolutionProperties) = preSolution
		HideSolutionNode = FALSE
	EndGlobalSection
EndGlobal
